# This file is automatically @generated by Cargo.
# It is not intended for manual editing.
version = 4

[[package]]
name = "allowed-app"
version = "0.1.0"
dependencies = [
 "allowed-dep",
]

[[package]]
name = "allowed-dep"
version = "0.3.0"

[[package]]
name = "first-party-app"
version = "0.1.0"
dependencies = [
 "first-party-dep",
]

[[package]]
name = "first-party-dep"
version = "0.4.0"

[[package]]
name = "stable-app"
version = "0.1.0"
dependencies = [
 "stable-dep",
]

[[package]]
name = "stable-dep"
version = "1.0.0"

[[package]]
name = "unstable-app"
version = "0.1.0"
dependencies = [
 "unstable-dep",
]

[[package]]
name = "unstable-dep"
version = "0.2.0"
